
Microsoft Visual Studio Solution File, Format Version 12.00
# Visual Studio Version 17
VisualStudioVersion = 17.14.36310.24 d17.14
MinimumVisualStudioVersion = 10.0.40219.1
Project("{888888A0-9F3D-457C-B088-3A5042F75D52}") = "SCT_ML_04", "SCT_ML_04.pyproj", "{22DBBC14-80E7-4677-8883-629AD00724D8}"
EndProject
Global
	GlobalSection(SolutionConfigurationPlatforms) = preSolution
		Debug|Any CPU = Debug|Any CPU
		Release|Any CPU = Release|Any CPU
	EndGlobalSection
	GlobalSection(ProjectConfigurationPlatforms) = postSolution
		{22DBBC14-80E7-4677-8883-629AD00724D8}.Debug|Any CPU.ActiveCfg = Debug|Any CPU
		{22DBBC14-80E7-4677-8883-629AD00724D8}.Release|Any CPU.ActiveCfg = Release|Any CPU
	EndGlobalSection
	GlobalSection(SolutionProperties) = preSolution
		HideSolutionNode = FALSE
	EndGlobalSection
	GlobalSection(ExtensibilityGlobals) = postSolution
		SolutionGuid = {98D7E2E7-3193-405B-BE3B-CAC61DB4C44C}
	EndGlobalSection
EndGlobal
